
Microsoft Visual Studio Solution File, Format Version 12.00
# Visual Studio Version 16
Project("{8BC9CEB8-8B4A-11D0-8D11-00A0C91BC942}") = "ALL_BUILD", "ALL_BUILD.vcxproj", "{6EB4CDFD-00AB-331E-BBF0-844BB317A0E6}"
	ProjectSection(ProjectDependencies) = postProject
		{139F2EDC-938A-3B70-B760-CE2753D1D99D} = {139F2EDC-938A-3B70-B760-CE2753D1D99D}
		{313E60DD-8299-31E4-AB5A-AF6811B2F60B} = {313E60DD-8299-31E4-AB5A-AF6811B2F60B}
		{7B865339-9971-322F-B000-3C4E090A386D} = {7B865339-9971-322F-B000-3C4E090A386D}
		{E2C75513-E801-3062-A813-42AB5A35BB2B} = {E2C75513-E801-3062-A813-42AB5A35BB2B}
		{5A4B98C8-D02E-3BE2-BBD0-0E4B6085B9AF} = {5A4B98C8-D02E-3BE2-BBD0-0E4B6085B9AF}
	EndProjectSection
EndProject
Project("{8BC9CEB8-8B4A-11D0-8D11-00A0C91BC942}") = "INSTALL", "INSTALL.vcxproj", "{3B3F7650-A6F0-3D55-BED6-576F8E5DF400}"
	ProjectSection(ProjectDependencies) = postProject
		{6EB4CDFD-00AB-331E-BBF0-844BB317A0E6} = {6EB4CDFD-00AB-331E-BBF0-844BB317A0E6}
		{139F2EDC-938A-3B70-B760-CE2753D1D99D} = {139F2EDC-938A-3B70-B760-CE2753D1D99D}
	EndProjectSection
EndProject
Project("{8BC9CEB8-8B4A-11D0-8D11-00A0C91BC942}") = "ZERO_CHECK", "ZERO_CHECK.vcxproj", "{139F2EDC-938A-3B70-B760-CE2753D1D99D}"
	ProjectSection(ProjectDependencies) = postProject
	EndProjectSection
EndProject
Project("{8BC9CEB8-8B4A-11D0-8D11-00A0C91BC942}") = "glew", "glew.vcxproj", "{313E60DD-8299-31E4-AB5A-AF6811B2F60B}"
	ProjectSection(ProjectDependencies) = postProject
		{139F2EDC-938A-3B70-B760-CE2753D1D99D} = {139F2EDC-938A-3B70-B760-CE2753D1D99D}
	EndProjectSection
EndProject
Project("{8BC9CEB8-8B4A-11D0-8D11-00A0C91BC942}") = "glew_s", "glew_s.vcxproj", "{7B865339-9971-322F-B000-3C4E090A386D}"
	ProjectSection(ProjectDependencies) = postProject
		{139F2EDC-938A-3B70-B760-CE2753D1D99D} = {139F2EDC-938A-3B70-B760-CE2753D1D99D}
	EndProjectSection
EndProject
Project("{8BC9CEB8-8B4A-11D0-8D11-00A0C91BC942}") = "glewinfo", "glewinfo.vcxproj", "{E2C75513-E801-3062-A813-42AB5A35BB2B}"
	ProjectSection(ProjectDependencies) = postProject
		{139F2EDC-938A-3B70-B760-CE2753D1D99D} = {139F2EDC-938A-3B70-B760-CE2753D1D99D}
		{313E60DD-8299-31E4-AB5A-AF6811B2F60B} = {313E60DD-8299-31E4-AB5A-AF6811B2F60B}
	EndProjectSection
EndProject
Project("{8BC9CEB8-8B4A-11D0-8D11-00A0C91BC942}") = "uninstall", "uninstall.vcxproj", "{68AB1504-9BC4-3DC2-BEBE-9D6E7CB39B8C}"
	ProjectSection(ProjectDependencies) = postProject
		{139F2EDC-938A-3B70-B760-CE2753D1D99D} = {139F2EDC-938A-3B70-B760-CE2753D1D99D}
	EndProjectSection
EndProject
Project("{8BC9CEB8-8B4A-11D0-8D11-00A0C91BC942}") = "visualinfo", "visualinfo.vcxproj", "{5A4B98C8-D02E-3BE2-BBD0-0E4B6085B9AF}"
	ProjectSection(ProjectDependencies) = postProject
		{139F2EDC-938A-3B70-B760-CE2753D1D99D} = {139F2EDC-938A-3B70-B760-CE2753D1D99D}
		{313E60DD-8299-31E4-AB5A-AF6811B2F60B} = {313E60DD-8299-31E4-AB5A-AF6811B2F60B}
	EndProjectSection
EndProject
Global
	GlobalSection(SolutionConfigurationPlatforms) = preSolution
		Debug|x64 = Debug|x64
		Release|x64 = Release|x64
		MinSizeRel|x64 = MinSizeRel|x64
		RelWithDebInfo|x64 = RelWithDebInfo|x64
	EndGlobalSection
	GlobalSection(ProjectConfigurationPlatforms) = postSolution
		{6EB4CDFD-00AB-331E-BBF0-844BB317A0E6}.Debug|x64.ActiveCfg = Debug|x64
		{6EB4CDFD-00AB-331E-BBF0-844BB317A0E6}.Debug|x64.Build.0 = Debug|x64
		{6EB4CDFD-00AB-331E-BBF0-844BB317A0E6}.Release|x64.ActiveCfg = Release|x64
		{6EB4CDFD-00AB-331E-BBF0-844BB317A0E6}.Release|x64.Build.0 = Release|x64
		{6EB4CDFD-00AB-331E-BBF0-844BB317A0E6}.MinSizeRel|x64.ActiveCfg = MinSizeRel|x64
		{6EB4CDFD-00AB-331E-BBF0-844BB317A0E6}.MinSizeRel|x64.Build.0 = MinSizeRel|x64
		{6EB4CDFD-00AB-331E-BBF0-844BB317A0E6}.RelWithDebInfo|x64.ActiveCfg = RelWithDebInfo|x64
		{6EB4CDFD-00AB-331E-BBF0-844BB317A0E6}.RelWithDebInfo|x64.Build.0 = RelWithDebInfo|x64
		{3B3F7650-A6F0-3D55-BED6-576F8E5DF400}.Debug|x64.ActiveCfg = Debug|x64
		{3B3F7650-A6F0-3D55-BED6-576F8E5DF400}.Release|x64.ActiveCfg = Release|x64
		{3B3F7650-A6F0-3D55-BED6-576F8E5DF400}.MinSizeRel|x64.ActiveCfg = MinSizeRel|x64
		{3B3F7650-A6F0-3D55-BED6-576F8E5DF400}.RelWithDebInfo|x64.ActiveCfg = RelWithDebInfo|x64
		{139F2EDC-938A-3B70-B760-CE2753D1D99D}.Debug|x64.ActiveCfg = Debug|x64
		{139F2EDC-938A-3B70-B760-CE2753D1D99D}.Debug|x64.Build.0 = Debug|x64
		{139F2EDC-938A-3B70-B760-CE2753D1D99D}.Release|x64.ActiveCfg = Release|x64
		{139F2EDC-938A-3B70-B760-CE2753D1D99D}.Release|x64.Build.0 = Release|x64
		{139F2EDC-938A-3B70-B760-CE2753D1D99D}.MinSizeRel|x64.ActiveCfg = MinSizeRel|x64
		{139F2EDC-938A-3B70-B760-CE2753D1D99D}.MinSizeRel|x64.Build.0 = MinSizeRel|x64
		{139F2EDC-938A-3B70-B760-CE2753D1D99D}.RelWithDebInfo|x64.ActiveCfg = RelWithDebInfo|x64
		{139F2EDC-938A-3B70-B760-CE2753D1D99D}.RelWithDebInfo|x64.Build.0 = RelWithDebInfo|x64
		{313E60DD-8299-31E4-AB5A-AF6811B2F60B}.Debug|x64.ActiveCfg = Debug|x64
		{313E60DD-8299-31E4-AB5A-AF6811B2F60B}.Debug|x64.Build.0 = Debug|x64
		{313E60DD-8299-31E4-AB5A-AF6811B2F60B}.Release|x64.ActiveCfg = Release|x64
		{313E60DD-8299-31E4-AB5A-AF6811B2F60B}.Release|x64.Build.0 = Release|x64
		{313E60DD-8299-31E4-AB5A-AF6811B2F60B}.MinSizeRel|x64.ActiveCfg = MinSizeRel|x64
		{313E60DD-8299-31E4-AB5A-AF6811B2F60B}.MinSizeRel|x64.Build.0 = MinSizeRel|x64
		{313E60DD-8299-31E4-AB5A-AF6811B2F60B}.RelWithDebInfo|x64.ActiveCfg = RelWithDebInfo|x64
		{313E60DD-8299-31E4-AB5A-AF6811B2F60B}.RelWithDebInfo|x64.Build.0 = RelWithDebInfo|x64
		{7B865339-9971-322F-B000-3C4E090A386D}.Debug|x64.ActiveCfg = Debug|x64
		{7B865339-9971-322F-B000-3C4E090A386D}.Debug|x64.Build.0 = Debug|x64
		{7B865339-9971-322F-B000-3C4E090A386D}.Release|x64.ActiveCfg = Release|x64
		{7B865339-9971-322F-B000-3C4E090A386D}.Release|x64.Build.0 = Release|x64
		{7B865339-9971-322F-B000-3C4E090A386D}.MinSizeRel|x64.ActiveCfg = MinSizeRel|x64
		{7B865339-9971-322F-B000-3C4E090A386D}.MinSizeRel|x64.Build.0 = MinSizeRel|x64
		{7B865339-9971-322F-B000-3C4E090A386D}.RelWithDebInfo|x64.ActiveCfg = RelWithDebInfo|x64
		{7B865339-9971-322F-B000-3C4E090A386D}.RelWithDebInfo|x64.Build.0 = RelWithDebInfo|x64
		{E2C75513-E801-3062-A813-42AB5A35BB2B}.Debug|x64.ActiveCfg = Debug|x64
		{E2C75513-E801-3062-A813-42AB5A35BB2B}.Debug|x64.Build.0 = Debug|x64
		{E2C75513-E801-3062-A813-42AB5A35BB2B}.Release|x64.ActiveCfg = Release|x64
		{E2C75513-E801-3062-A813-42AB5A35BB2B}.Release|x64.Build.0 = Release|x64
		{E2C75513-E801-3062-A813-42AB5A35BB2B}.MinSizeRel|x64.ActiveCfg = MinSizeRel|x64
		{E2C75513-E801-3062-A813-42AB5A35BB2B}.MinSizeRel|x64.Build.0 = MinSizeRel|x64
		{E2C75513-E801-3062-A813-42AB5A35BB2B}.RelWithDebInfo|x64.ActiveCfg = RelWithDebInfo|x64
		{E2C75513-E801-3062-A813-42AB5A35BB2B}.RelWithDebInfo|x64.Build.0 = RelWithDebInfo|x64
		{68AB1504-9BC4-3DC2-BEBE-9D6E7CB39B8C}.Debug|x64.ActiveCfg = Debug|x64
		{68AB1504-9BC4-3DC2-BEBE-9D6E7CB39B8C}.Release|x64.ActiveCfg = Release|x64
		{68AB1504-9BC4-3DC2-BEBE-9D6E7CB39B8C}.MinSizeRel|x64.ActiveCfg = MinSizeRel|x64
		{68AB1504-9BC4-3DC2-BEBE-9D6E7CB39B8C}.RelWithDebInfo|x64.ActiveCfg = RelWithDebInfo|x64
		{5A4B98C8-D02E-3BE2-BBD0-0E4B6085B9AF}.Debug|x64.ActiveCfg = Debug|x64
		{5A4B98C8-D02E-3BE2-BBD0-0E4B6085B9AF}.Debug|x64.Build.0 = Debug|x64
		{5A4B98C8-D02E-3BE2-BBD0-0E4B6085B9AF}.Release|x64.ActiveCfg = Release|x64
		{5A4B98C8-D02E-3BE2-BBD0-0E4B6085B9AF}.Release|x64.Build.0 = Release|x64
		{5A4B98C8-D02E-3BE2-BBD0-0E4B6085B9AF}.MinSizeRel|x64.ActiveCfg = MinSizeRel|x64
		{5A4B98C8-D02E-3BE2-BBD0-0E4B6085B9AF}.MinSizeRel|x64.Build.0 = MinSizeRel|x64
		{5A4B98C8-D02E-3BE2-BBD0-0E4B6085B9AF}.RelWithDebInfo|x64.ActiveCfg = RelWithDebInfo|x64
		{5A4B98C8-D02E-3BE2-BBD0-0E4B6085B9AF}.RelWithDebInfo|x64.Build.0 = RelWithDebInfo|x64
	EndGlobalSection
	GlobalSection(ExtensibilityGlobals) = postSolution
		SolutionGuid = {D749FF7D-EC68-33EF-AA52-BC481F706E0B}
	EndGlobalSection
	GlobalSection(ExtensibilityAddIns) = postSolution
	EndGlobalSection
EndGlobal
