<?xml version="1.0" encoding="utf-8"?>
<Project ToolsVersion="16.0" xmlns="http://schemas.microsoft.com/developer/msbuild/2003">
  <ItemGroup>
    <CustomBuild Include="C:\Users\gtom_\source\repos\openGLProjects\GL\buildGLEW\CMakeFiles\0cc33aca46243eb76d7f5f177f6a0ec8\generate.stamp.rule">
      <Filter>CMake Rules</Filter>
    </CustomBuild>
  </ItemGroup>
  <ItemGroup>
    <Filter Include="CMake Rules">
      <UniqueIdentifier>{C94B2220-B2BE-330B-868B-408D3CC8CBFC}</UniqueIdentifier>
    </Filter>
  </ItemGroup>
</Project>
