
Microsoft Visual Studio Solution File, Format Version 12.00
# Visual Studio Version 16
Project("{2150E333-8FDC-42A3-9474-1A3956D46DE8}") = "CMakePredefinedTargets", "CMakePredefinedTargets", "{CE6EB56B-4C26-38D6-9829-CD277F2F2DBC}"
EndProject
Project("{2150E333-8FDC-42A3-9474-1A3956D46DE8}") = "GLFW3", "GLFW3", "{1180828F-E7F2-35F7-8B77-DC074F27034D}"
EndProject
Project("{2150E333-8FDC-42A3-9474-1A3956D46DE8}") = "Examples", "GLFW3\Examples", "{BD92EEAB-C9FB-3EE5-B530-076C5943C31A}"
EndProject
Project("{2150E333-8FDC-42A3-9474-1A3956D46DE8}") = "Tests", "GLFW3\Tests", "{211FE132-556E-33EB-A70B-EA5BE4FC0658}"
EndProject
Project("{8BC9CEB8-8B4A-11D0-8D11-00A0C91BC942}") = "ALL_BUILD", "ALL_BUILD.vcxproj", "{C6E99F02-3127-3902-940A-ACF9D59C0D1F}"
	ProjectSection(ProjectDependencies) = postProject
		{B135A1BC-1E2D-3E51-B43D-15943194FD54} = {B135A1BC-1E2D-3E51-B43D-15943194FD54}
		{9FD4E144-B50B-3C7F-9046-395D1D80BA52} = {9FD4E144-B50B-3C7F-9046-395D1D80BA52}
		{598D52B8-8071-3BB4-9790-1CB54D2EFE75} = {598D52B8-8071-3BB4-9790-1CB54D2EFE75}
		{DF664969-B452-399B-A521-F6053166BAD3} = {DF664969-B452-399B-A521-F6053166BAD3}
		{C621F7EB-B452-3BC5-B99F-EF9D9A15E6A2} = {C621F7EB-B452-3BC5-B99F-EF9D9A15E6A2}
		{C5F1B555-68F6-3CC2-8891-E4D3FE36860F} = {C5F1B555-68F6-3CC2-8891-E4D3FE36860F}
		{70729490-DB16-35FF-A938-95493C349E0D} = {70729490-DB16-35FF-A938-95493C349E0D}
		{4B3B3B56-E3EA-36AA-A35C-886C0A0C6A3E} = {4B3B3B56-E3EA-36AA-A35C-886C0A0C6A3E}
		{2D45E669-D710-3F6F-84EC-C6A96391EA12} = {2D45E669-D710-3F6F-84EC-C6A96391EA12}
		{7DC5FADC-D31B-38CE-A403-E776E7D9F65A} = {7DC5FADC-D31B-38CE-A403-E776E7D9F65A}
		{3B1D20BA-AFAC-3B3D-BDA6-69D4165E5CDC} = {3B1D20BA-AFAC-3B3D-BDA6-69D4165E5CDC}
		{3A6683E1-CEC8-3D13-944F-F2B1079E9C4F} = {3A6683E1-CEC8-3D13-944F-F2B1079E9C4F}
		{1BFBB825-9F34-390A-AD60-7C2E5D3543CC} = {1BFBB825-9F34-390A-AD60-7C2E5D3543CC}
		{CD079D6D-7266-3872-8AAA-613A198F5AD9} = {CD079D6D-7266-3872-8AAA-613A198F5AD9}
		{1CC5F8B4-AB03-3690-BBE8-69A2D6203CE3} = {1CC5F8B4-AB03-3690-BBE8-69A2D6203CE3}
		{C56E7162-10E0-3832-863F-2B143848E3DC} = {C56E7162-10E0-3832-863F-2B143848E3DC}
		{7ADA0B64-DD61-3385-9DD1-A3FBEABB8D44} = {7ADA0B64-DD61-3385-9DD1-A3FBEABB8D44}
		{38B9B0B2-8C24-38EB-8C99-58649C30DC69} = {38B9B0B2-8C24-38EB-8C99-58649C30DC69}
		{754471D6-B5E2-32CD-894E-AE616A27E3F1} = {754471D6-B5E2-32CD-894E-AE616A27E3F1}
		{96F208F7-E640-3CF0-941D-416DFE5F5E51} = {96F208F7-E640-3CF0-941D-416DFE5F5E51}
		{204AB10B-C2EE-377D-998D-923FE95AF0AC} = {204AB10B-C2EE-377D-998D-923FE95AF0AC}
		{24A4EAE2-98BE-3ADE-AF0D-5F6CE408B8F3} = {24A4EAE2-98BE-3ADE-AF0D-5F6CE408B8F3}
		{F91C5EE7-0BAC-3FAD-AD81-099AB1A3D992} = {F91C5EE7-0BAC-3FAD-AD81-099AB1A3D992}
		{C9EE3715-AE28-30C7-A1D2-E2E37C7DA9F0} = {C9EE3715-AE28-30C7-A1D2-E2E37C7DA9F0}
		{5C30E17A-3C03-365B-8871-8A4075679CB9} = {5C30E17A-3C03-365B-8871-8A4075679CB9}
		{095FDAC3-18D2-33D1-A5B9-104B43E140FC} = {095FDAC3-18D2-33D1-A5B9-104B43E140FC}
		{94A174C5-6A96-31F3-B033-021E87E4472C} = {94A174C5-6A96-31F3-B033-021E87E4472C}
		{A13F16F6-61D2-3039-8927-07A1BE110C09} = {A13F16F6-61D2-3039-8927-07A1BE110C09}
		{708410AC-E5F6-3BC5-86AC-4790F0A6C440} = {708410AC-E5F6-3BC5-86AC-4790F0A6C440}
		{EC1E2A32-66EB-3597-896C-EE234FD2A44B} = {EC1E2A32-66EB-3597-896C-EE234FD2A44B}
		{2E9D83E2-03F4-3391-8A2F-A7DDD58D1553} = {2E9D83E2-03F4-3391-8A2F-A7DDD58D1553}
	EndProjectSection
EndProject
Project("{8BC9CEB8-8B4A-11D0-8D11-00A0C91BC942}") = "INSTALL", "INSTALL.vcxproj", "{808F32FB-5D95-35E4-8FAC-734398293930}"
	ProjectSection(ProjectDependencies) = postProject
		{C6E99F02-3127-3902-940A-ACF9D59C0D1F} = {C6E99F02-3127-3902-940A-ACF9D59C0D1F}
		{B135A1BC-1E2D-3E51-B43D-15943194FD54} = {B135A1BC-1E2D-3E51-B43D-15943194FD54}
	EndProjectSection
EndProject
Project("{8BC9CEB8-8B4A-11D0-8D11-00A0C91BC942}") = "ZERO_CHECK", "ZERO_CHECK.vcxproj", "{B135A1BC-1E2D-3E51-B43D-15943194FD54}"
	ProjectSection(ProjectDependencies) = postProject
	EndProjectSection
EndProject
Project("{8BC9CEB8-8B4A-11D0-8D11-00A0C91BC942}") = "boing", "examples\boing.vcxproj", "{9FD4E144-B50B-3C7F-9046-395D1D80BA52}"
	ProjectSection(ProjectDependencies) = postProject
		{B135A1BC-1E2D-3E51-B43D-15943194FD54} = {B135A1BC-1E2D-3E51-B43D-15943194FD54}
		{2D45E669-D710-3F6F-84EC-C6A96391EA12} = {2D45E669-D710-3F6F-84EC-C6A96391EA12}
	EndProjectSection
EndProject
Project("{8BC9CEB8-8B4A-11D0-8D11-00A0C91BC942}") = "clipboard", "tests\clipboard.vcxproj", "{598D52B8-8071-3BB4-9790-1CB54D2EFE75}"
	ProjectSection(ProjectDependencies) = postProject
		{B135A1BC-1E2D-3E51-B43D-15943194FD54} = {B135A1BC-1E2D-3E51-B43D-15943194FD54}
		{2D45E669-D710-3F6F-84EC-C6A96391EA12} = {2D45E669-D710-3F6F-84EC-C6A96391EA12}
	EndProjectSection
EndProject
Project("{8BC9CEB8-8B4A-11D0-8D11-00A0C91BC942}") = "cursor", "tests\cursor.vcxproj", "{DF664969-B452-399B-A521-F6053166BAD3}"
	ProjectSection(ProjectDependencies) = postProject
		{B135A1BC-1E2D-3E51-B43D-15943194FD54} = {B135A1BC-1E2D-3E51-B43D-15943194FD54}
		{2D45E669-D710-3F6F-84EC-C6A96391EA12} = {2D45E669-D710-3F6F-84EC-C6A96391EA12}
	EndProjectSection
EndProject
Project("{8BC9CEB8-8B4A-11D0-8D11-00A0C91BC942}") = "empty", "tests\empty.vcxproj", "{C621F7EB-B452-3BC5-B99F-EF9D9A15E6A2}"
	ProjectSection(ProjectDependencies) = postProject
		{B135A1BC-1E2D-3E51-B43D-15943194FD54} = {B135A1BC-1E2D-3E51-B43D-15943194FD54}
		{2D45E669-D710-3F6F-84EC-C6A96391EA12} = {2D45E669-D710-3F6F-84EC-C6A96391EA12}
	EndProjectSection
EndProject
Project("{8BC9CEB8-8B4A-11D0-8D11-00A0C91BC942}") = "events", "tests\events.vcxproj", "{C5F1B555-68F6-3CC2-8891-E4D3FE36860F}"
	ProjectSection(ProjectDependencies) = postProject
		{B135A1BC-1E2D-3E51-B43D-15943194FD54} = {B135A1BC-1E2D-3E51-B43D-15943194FD54}
		{2D45E669-D710-3F6F-84EC-C6A96391EA12} = {2D45E669-D710-3F6F-84EC-C6A96391EA12}
	EndProjectSection
EndProject
Project("{8BC9CEB8-8B4A-11D0-8D11-00A0C91BC942}") = "gamma", "tests\gamma.vcxproj", "{70729490-DB16-35FF-A938-95493C349E0D}"
	ProjectSection(ProjectDependencies) = postProject
		{B135A1BC-1E2D-3E51-B43D-15943194FD54} = {B135A1BC-1E2D-3E51-B43D-15943194FD54}
		{2D45E669-D710-3F6F-84EC-C6A96391EA12} = {2D45E669-D710-3F6F-84EC-C6A96391EA12}
	EndProjectSection
EndProject
Project("{8BC9CEB8-8B4A-11D0-8D11-00A0C91BC942}") = "gears", "examples\gears.vcxproj", "{4B3B3B56-E3EA-36AA-A35C-886C0A0C6A3E}"
	ProjectSection(ProjectDependencies) = postProject
		{B135A1BC-1E2D-3E51-B43D-15943194FD54} = {B135A1BC-1E2D-3E51-B43D-15943194FD54}
		{2D45E669-D710-3F6F-84EC-C6A96391EA12} = {2D45E669-D710-3F6F-84EC-C6A96391EA12}
	EndProjectSection
EndProject
Project("{8BC9CEB8-8B4A-11D0-8D11-00A0C91BC942}") = "glfw", "src\glfw.vcxproj", "{2D45E669-D710-3F6F-84EC-C6A96391EA12}"
	ProjectSection(ProjectDependencies) = postProject
		{B135A1BC-1E2D-3E51-B43D-15943194FD54} = {B135A1BC-1E2D-3E51-B43D-15943194FD54}
	EndProjectSection
EndProject
Project("{8BC9CEB8-8B4A-11D0-8D11-00A0C91BC942}") = "glfwinfo", "tests\glfwinfo.vcxproj", "{7DC5FADC-D31B-38CE-A403-E776E7D9F65A}"
	ProjectSection(ProjectDependencies) = postProject
		{B135A1BC-1E2D-3E51-B43D-15943194FD54} = {B135A1BC-1E2D-3E51-B43D-15943194FD54}
		{2D45E669-D710-3F6F-84EC-C6A96391EA12} = {2D45E669-D710-3F6F-84EC-C6A96391EA12}
	EndProjectSection
EndProject
Project("{8BC9CEB8-8B4A-11D0-8D11-00A0C91BC942}") = "heightmap", "examples\heightmap.vcxproj", "{3B1D20BA-AFAC-3B3D-BDA6-69D4165E5CDC}"
	ProjectSection(ProjectDependencies) = postProject
		{B135A1BC-1E2D-3E51-B43D-15943194FD54} = {B135A1BC-1E2D-3E51-B43D-15943194FD54}
		{2D45E669-D710-3F6F-84EC-C6A96391EA12} = {2D45E669-D710-3F6F-84EC-C6A96391EA12}
	EndProjectSection
EndProject
Project("{8BC9CEB8-8B4A-11D0-8D11-00A0C91BC942}") = "icon", "tests\icon.vcxproj", "{3A6683E1-CEC8-3D13-944F-F2B1079E9C4F}"
	ProjectSection(ProjectDependencies) = postProject
		{B135A1BC-1E2D-3E51-B43D-15943194FD54} = {B135A1BC-1E2D-3E51-B43D-15943194FD54}
		{2D45E669-D710-3F6F-84EC-C6A96391EA12} = {2D45E669-D710-3F6F-84EC-C6A96391EA12}
	EndProjectSection
EndProject
Project("{8BC9CEB8-8B4A-11D0-8D11-00A0C91BC942}") = "iconify", "tests\iconify.vcxproj", "{1BFBB825-9F34-390A-AD60-7C2E5D3543CC}"
	ProjectSection(ProjectDependencies) = postProject
		{B135A1BC-1E2D-3E51-B43D-15943194FD54} = {B135A1BC-1E2D-3E51-B43D-15943194FD54}
		{2D45E669-D710-3F6F-84EC-C6A96391EA12} = {2D45E669-D710-3F6F-84EC-C6A96391EA12}
	EndProjectSection
EndProject
Project("{8BC9CEB8-8B4A-11D0-8D11-00A0C91BC942}") = "inputlag", "tests\inputlag.vcxproj", "{CD079D6D-7266-3872-8AAA-613A198F5AD9}"
	ProjectSection(ProjectDependencies) = postProject
		{B135A1BC-1E2D-3E51-B43D-15943194FD54} = {B135A1BC-1E2D-3E51-B43D-15943194FD54}
		{2D45E669-D710-3F6F-84EC-C6A96391EA12} = {2D45E669-D710-3F6F-84EC-C6A96391EA12}
	EndProjectSection
EndProject
Project("{8BC9CEB8-8B4A-11D0-8D11-00A0C91BC942}") = "joysticks", "tests\joysticks.vcxproj", "{1CC5F8B4-AB03-3690-BBE8-69A2D6203CE3}"
	ProjectSection(ProjectDependencies) = postProject
		{B135A1BC-1E2D-3E51-B43D-15943194FD54} = {B135A1BC-1E2D-3E51-B43D-15943194FD54}
		{2D45E669-D710-3F6F-84EC-C6A96391EA12} = {2D45E669-D710-3F6F-84EC-C6A96391EA12}
	EndProjectSection
EndProject
Project("{8BC9CEB8-8B4A-11D0-8D11-00A0C91BC942}") = "monitors", "tests\monitors.vcxproj", "{C56E7162-10E0-3832-863F-2B143848E3DC}"
	ProjectSection(ProjectDependencies) = postProject
		{B135A1BC-1E2D-3E51-B43D-15943194FD54} = {B135A1BC-1E2D-3E51-B43D-15943194FD54}
		{2D45E669-D710-3F6F-84EC-C6A96391EA12} = {2D45E669-D710-3F6F-84EC-C6A96391EA12}
	EndProjectSection
EndProject
Project("{8BC9CEB8-8B4A-11D0-8D11-00A0C91BC942}") = "msaa", "tests\msaa.vcxproj", "{7ADA0B64-DD61-3385-9DD1-A3FBEABB8D44}"
	ProjectSection(ProjectDependencies) = postProject
		{B135A1BC-1E2D-3E51-B43D-15943194FD54} = {B135A1BC-1E2D-3E51-B43D-15943194FD54}
		{2D45E669-D710-3F6F-84EC-C6A96391EA12} = {2D45E669-D710-3F6F-84EC-C6A96391EA12}
	EndProjectSection
EndProject
Project("{8BC9CEB8-8B4A-11D0-8D11-00A0C91BC942}") = "offscreen", "examples\offscreen.vcxproj", "{38B9B0B2-8C24-38EB-8C99-58649C30DC69}"
	ProjectSection(ProjectDependencies) = postProject
		{B135A1BC-1E2D-3E51-B43D-15943194FD54} = {B135A1BC-1E2D-3E51-B43D-15943194FD54}
		{2D45E669-D710-3F6F-84EC-C6A96391EA12} = {2D45E669-D710-3F6F-84EC-C6A96391EA12}
	EndProjectSection
EndProject
Project("{8BC9CEB8-8B4A-11D0-8D11-00A0C91BC942}") = "opacity", "tests\opacity.vcxproj", "{754471D6-B5E2-32CD-894E-AE616A27E3F1}"
	ProjectSection(ProjectDependencies) = postProject
		{B135A1BC-1E2D-3E51-B43D-15943194FD54} = {B135A1BC-1E2D-3E51-B43D-15943194FD54}
		{2D45E669-D710-3F6F-84EC-C6A96391EA12} = {2D45E669-D710-3F6F-84EC-C6A96391EA12}
	EndProjectSection
EndProject
Project("{8BC9CEB8-8B4A-11D0-8D11-00A0C91BC942}") = "particles", "examples\particles.vcxproj", "{96F208F7-E640-3CF0-941D-416DFE5F5E51}"
	ProjectSection(ProjectDependencies) = postProject
		{B135A1BC-1E2D-3E51-B43D-15943194FD54} = {B135A1BC-1E2D-3E51-B43D-15943194FD54}
		{2D45E669-D710-3F6F-84EC-C6A96391EA12} = {2D45E669-D710-3F6F-84EC-C6A96391EA12}
	EndProjectSection
EndProject
Project("{8BC9CEB8-8B4A-11D0-8D11-00A0C91BC942}") = "reopen", "tests\reopen.vcxproj", "{204AB10B-C2EE-377D-998D-923FE95AF0AC}"
	ProjectSection(ProjectDependencies) = postProject
		{B135A1BC-1E2D-3E51-B43D-15943194FD54} = {B135A1BC-1E2D-3E51-B43D-15943194FD54}
		{2D45E669-D710-3F6F-84EC-C6A96391EA12} = {2D45E669-D710-3F6F-84EC-C6A96391EA12}
	EndProjectSection
EndProject
Project("{8BC9CEB8-8B4A-11D0-8D11-00A0C91BC942}") = "sharing", "examples\sharing.vcxproj", "{24A4EAE2-98BE-3ADE-AF0D-5F6CE408B8F3}"
	ProjectSection(ProjectDependencies) = postProject
		{B135A1BC-1E2D-3E51-B43D-15943194FD54} = {B135A1BC-1E2D-3E51-B43D-15943194FD54}
		{2D45E669-D710-3F6F-84EC-C6A96391EA12} = {2D45E669-D710-3F6F-84EC-C6A96391EA12}
	EndProjectSection
EndProject
Project("{8BC9CEB8-8B4A-11D0-8D11-00A0C91BC942}") = "simple", "examples\simple.vcxproj", "{F91C5EE7-0BAC-3FAD-AD81-099AB1A3D992}"
	ProjectSection(ProjectDependencies) = postProject
		{B135A1BC-1E2D-3E51-B43D-15943194FD54} = {B135A1BC-1E2D-3E51-B43D-15943194FD54}
		{2D45E669-D710-3F6F-84EC-C6A96391EA12} = {2D45E669-D710-3F6F-84EC-C6A96391EA12}
	EndProjectSection
EndProject
Project("{8BC9CEB8-8B4A-11D0-8D11-00A0C91BC942}") = "splitview", "examples\splitview.vcxproj", "{C9EE3715-AE28-30C7-A1D2-E2E37C7DA9F0}"
	ProjectSection(ProjectDependencies) = postProject
		{B135A1BC-1E2D-3E51-B43D-15943194FD54} = {B135A1BC-1E2D-3E51-B43D-15943194FD54}
		{2D45E669-D710-3F6F-84EC-C6A96391EA12} = {2D45E669-D710-3F6F-84EC-C6A96391EA12}
	EndProjectSection
EndProject
Project("{8BC9CEB8-8B4A-11D0-8D11-00A0C91BC942}") = "tearing", "tests\tearing.vcxproj", "{5C30E17A-3C03-365B-8871-8A4075679CB9}"
	ProjectSection(ProjectDependencies) = postProject
		{B135A1BC-1E2D-3E51-B43D-15943194FD54} = {B135A1BC-1E2D-3E51-B43D-15943194FD54}
		{2D45E669-D710-3F6F-84EC-C6A96391EA12} = {2D45E669-D710-3F6F-84EC-C6A96391EA12}
	EndProjectSection
EndProject
Project("{8BC9CEB8-8B4A-11D0-8D11-00A0C91BC942}") = "threads", "tests\threads.vcxproj", "{095FDAC3-18D2-33D1-A5B9-104B43E140FC}"
	ProjectSection(ProjectDependencies) = postProject
		{B135A1BC-1E2D-3E51-B43D-15943194FD54} = {B135A1BC-1E2D-3E51-B43D-15943194FD54}
		{2D45E669-D710-3F6F-84EC-C6A96391EA12} = {2D45E669-D710-3F6F-84EC-C6A96391EA12}
	EndProjectSection
EndProject
Project("{8BC9CEB8-8B4A-11D0-8D11-00A0C91BC942}") = "timeout", "tests\timeout.vcxproj", "{94A174C5-6A96-31F3-B033-021E87E4472C}"
	ProjectSection(ProjectDependencies) = postProject
		{B135A1BC-1E2D-3E51-B43D-15943194FD54} = {B135A1BC-1E2D-3E51-B43D-15943194FD54}
		{2D45E669-D710-3F6F-84EC-C6A96391EA12} = {2D45E669-D710-3F6F-84EC-C6A96391EA12}
	EndProjectSection
EndProject
Project("{8BC9CEB8-8B4A-11D0-8D11-00A0C91BC942}") = "title", "tests\title.vcxproj", "{A13F16F6-61D2-3039-8927-07A1BE110C09}"
	ProjectSection(ProjectDependencies) = postProject
		{B135A1BC-1E2D-3E51-B43D-15943194FD54} = {B135A1BC-1E2D-3E51-B43D-15943194FD54}
		{2D45E669-D710-3F6F-84EC-C6A96391EA12} = {2D45E669-D710-3F6F-84EC-C6A96391EA12}
	EndProjectSection
EndProject
Project("{8BC9CEB8-8B4A-11D0-8D11-00A0C91BC942}") = "triangle-vulkan", "tests\triangle-vulkan.vcxproj", "{708410AC-E5F6-3BC5-86AC-4790F0A6C440}"
	ProjectSection(ProjectDependencies) = postProject
		{B135A1BC-1E2D-3E51-B43D-15943194FD54} = {B135A1BC-1E2D-3E51-B43D-15943194FD54}
		{2D45E669-D710-3F6F-84EC-C6A96391EA12} = {2D45E669-D710-3F6F-84EC-C6A96391EA12}
	EndProjectSection
EndProject
Project("{8BC9CEB8-8B4A-11D0-8D11-00A0C91BC942}") = "uninstall", "uninstall.vcxproj", "{7DB6C460-0678-3D3E-AC57-6B090906159A}"
	ProjectSection(ProjectDependencies) = postProject
		{B135A1BC-1E2D-3E51-B43D-15943194FD54} = {B135A1BC-1E2D-3E51-B43D-15943194FD54}
	EndProjectSection
EndProject
Project("{8BC9CEB8-8B4A-11D0-8D11-00A0C91BC942}") = "wave", "examples\wave.vcxproj", "{EC1E2A32-66EB-3597-896C-EE234FD2A44B}"
	ProjectSection(ProjectDependencies) = postProject
		{B135A1BC-1E2D-3E51-B43D-15943194FD54} = {B135A1BC-1E2D-3E51-B43D-15943194FD54}
		{2D45E669-D710-3F6F-84EC-C6A96391EA12} = {2D45E669-D710-3F6F-84EC-C6A96391EA12}
	EndProjectSection
EndProject
Project("{8BC9CEB8-8B4A-11D0-8D11-00A0C91BC942}") = "windows", "tests\windows.vcxproj", "{2E9D83E2-03F4-3391-8A2F-A7DDD58D1553}"
	ProjectSection(ProjectDependencies) = postProject
		{B135A1BC-1E2D-3E51-B43D-15943194FD54} = {B135A1BC-1E2D-3E51-B43D-15943194FD54}
		{2D45E669-D710-3F6F-84EC-C6A96391EA12} = {2D45E669-D710-3F6F-84EC-C6A96391EA12}
	EndProjectSection
EndProject
Global
	GlobalSection(SolutionConfigurationPlatforms) = preSolution
		Debug|x64 = Debug|x64
		Release|x64 = Release|x64
		MinSizeRel|x64 = MinSizeRel|x64
		RelWithDebInfo|x64 = RelWithDebInfo|x64
	EndGlobalSection
	GlobalSection(ProjectConfigurationPlatforms) = postSolution
		{C6E99F02-3127-3902-940A-ACF9D59C0D1F}.Debug|x64.ActiveCfg = Debug|x64
		{C6E99F02-3127-3902-940A-ACF9D59C0D1F}.Debug|x64.Build.0 = Debug|x64
		{C6E99F02-3127-3902-940A-ACF9D59C0D1F}.Release|x64.ActiveCfg = Release|x64
		{C6E99F02-3127-3902-940A-ACF9D59C0D1F}.Release|x64.Build.0 = Release|x64
		{C6E99F02-3127-3902-940A-ACF9D59C0D1F}.MinSizeRel|x64.ActiveCfg = MinSizeRel|x64
		{C6E99F02-3127-3902-940A-ACF9D59C0D1F}.MinSizeRel|x64.Build.0 = MinSizeRel|x64
		{C6E99F02-3127-3902-940A-ACF9D59C0D1F}.RelWithDebInfo|x64.ActiveCfg = RelWithDebInfo|x64
		{C6E99F02-3127-3902-940A-ACF9D59C0D1F}.RelWithDebInfo|x64.Build.0 = RelWithDebInfo|x64
		{808F32FB-5D95-35E4-8FAC-734398293930}.Debug|x64.ActiveCfg = Debug|x64
		{808F32FB-5D95-35E4-8FAC-734398293930}.Release|x64.ActiveCfg = Release|x64
		{808F32FB-5D95-35E4-8FAC-734398293930}.MinSizeRel|x64.ActiveCfg = MinSizeRel|x64
		{808F32FB-5D95-35E4-8FAC-734398293930}.RelWithDebInfo|x64.ActiveCfg = RelWithDebInfo|x64
		{B135A1BC-1E2D-3E51-B43D-15943194FD54}.Debug|x64.ActiveCfg = Debug|x64
		{B135A1BC-1E2D-3E51-B43D-15943194FD54}.Debug|x64.Build.0 = Debug|x64
		{B135A1BC-1E2D-3E51-B43D-15943194FD54}.Release|x64.ActiveCfg = Release|x64
		{B135A1BC-1E2D-3E51-B43D-15943194FD54}.Release|x64.Build.0 = Release|x64
		{B135A1BC-1E2D-3E51-B43D-15943194FD54}.MinSizeRel|x64.ActiveCfg = MinSizeRel|x64
		{B135A1BC-1E2D-3E51-B43D-15943194FD54}.MinSizeRel|x64.Build.0 = MinSizeRel|x64
		{B135A1BC-1E2D-3E51-B43D-15943194FD54}.RelWithDebInfo|x64.ActiveCfg = RelWithDebInfo|x64
		{B135A1BC-1E2D-3E51-B43D-15943194FD54}.RelWithDebInfo|x64.Build.0 = RelWithDebInfo|x64
		{9FD4E144-B50B-3C7F-9046-395D1D80BA52}.Debug|x64.ActiveCfg = Debug|x64
		{9FD4E144-B50B-3C7F-9046-395D1D80BA52}.Debug|x64.Build.0 = Debug|x64
		{9FD4E144-B50B-3C7F-9046-395D1D80BA52}.Release|x64.ActiveCfg = Release|x64
		{9FD4E144-B50B-3C7F-9046-395D1D80BA52}.Release|x64.Build.0 = Release|x64
		{9FD4E144-B50B-3C7F-9046-395D1D80BA52}.MinSizeRel|x64.ActiveCfg = MinSizeRel|x64
		{9FD4E144-B50B-3C7F-9046-395D1D80BA52}.MinSizeRel|x64.Build.0 = MinSizeRel|x64
		{9FD4E144-B50B-3C7F-9046-395D1D80BA52}.RelWithDebInfo|x64.ActiveCfg = RelWithDebInfo|x64
		{9FD4E144-B50B-3C7F-9046-395D1D80BA52}.RelWithDebInfo|x64.Build.0 = RelWithDebInfo|x64
		{598D52B8-8071-3BB4-9790-1CB54D2EFE75}.Debug|x64.ActiveCfg = Debug|x64
		{598D52B8-8071-3BB4-9790-1CB54D2EFE75}.Debug|x64.Build.0 = Debug|x64
		{598D52B8-8071-3BB4-9790-1CB54D2EFE75}.Release|x64.ActiveCfg = Release|x64
		{598D52B8-8071-3BB4-9790-1CB54D2EFE75}.Release|x64.Build.0 = Release|x64
		{598D52B8-8071-3BB4-9790-1CB54D2EFE75}.MinSizeRel|x64.ActiveCfg = MinSizeRel|x64
		{598D52B8-8071-3BB4-9790-1CB54D2EFE75}.MinSizeRel|x64.Build.0 = MinSizeRel|x64
		{598D52B8-8071-3BB4-9790-1CB54D2EFE75}.RelWithDebInfo|x64.ActiveCfg = RelWithDebInfo|x64
		{598D52B8-8071-3BB4-9790-1CB54D2EFE75}.RelWithDebInfo|x64.Build.0 = RelWithDebInfo|x64
		{DF664969-B452-399B-A521-F6053166BAD3}.Debug|x64.ActiveCfg = Debug|x64
		{DF664969-B452-399B-A521-F6053166BAD3}.Debug|x64.Build.0 = Debug|x64
		{DF664969-B452-399B-A521-F6053166BAD3}.Release|x64.ActiveCfg = Release|x64
		{DF664969-B452-399B-A521-F6053166BAD3}.Release|x64.Build.0 = Release|x64
		{DF664969-B452-399B-A521-F6053166BAD3}.MinSizeRel|x64.ActiveCfg = MinSizeRel|x64
		{DF664969-B452-399B-A521-F6053166BAD3}.MinSizeRel|x64.Build.0 = MinSizeRel|x64
		{DF664969-B452-399B-A521-F6053166BAD3}.RelWithDebInfo|x64.ActiveCfg = RelWithDebInfo|x64
		{DF664969-B452-399B-A521-F6053166BAD3}.RelWithDebInfo|x64.Build.0 = RelWithDebInfo|x64
		{C621F7EB-B452-3BC5-B99F-EF9D9A15E6A2}.Debug|x64.ActiveCfg = Debug|x64
		{C621F7EB-B452-3BC5-B99F-EF9D9A15E6A2}.Debug|x64.Build.0 = Debug|x64
		{C621F7EB-B452-3BC5-B99F-EF9D9A15E6A2}.Release|x64.ActiveCfg = Release|x64
		{C621F7EB-B452-3BC5-B99F-EF9D9A15E6A2}.Release|x64.Build.0 = Release|x64
		{C621F7EB-B452-3BC5-B99F-EF9D9A15E6A2}.MinSizeRel|x64.ActiveCfg = MinSizeRel|x64
		{C621F7EB-B452-3BC5-B99F-EF9D9A15E6A2}.MinSizeRel|x64.Build.0 = MinSizeRel|x64
		{C621F7EB-B452-3BC5-B99F-EF9D9A15E6A2}.RelWithDebInfo|x64.ActiveCfg = RelWithDebInfo|x64
		{C621F7EB-B452-3BC5-B99F-EF9D9A15E6A2}.RelWithDebInfo|x64.Build.0 = RelWithDebInfo|x64
		{C5F1B555-68F6-3CC2-8891-E4D3FE36860F}.Debug|x64.ActiveCfg = Debug|x64
		{C5F1B555-68F6-3CC2-8891-E4D3FE36860F}.Debug|x64.Build.0 = Debug|x64
		{C5F1B555-68F6-3CC2-8891-E4D3FE36860F}.Release|x64.ActiveCfg = Release|x64
		{C5F1B555-68F6-3CC2-8891-E4D3FE36860F}.Release|x64.Build.0 = Release|x64
		{C5F1B555-68F6-3CC2-8891-E4D3FE36860F}.MinSizeRel|x64.ActiveCfg = MinSizeRel|x64
		{C5F1B555-68F6-3CC2-8891-E4D3FE36860F}.MinSizeRel|x64.Build.0 = MinSizeRel|x64
		{C5F1B555-68F6-3CC2-8891-E4D3FE36860F}.RelWithDebInfo|x64.ActiveCfg = RelWithDebInfo|x64
		{C5F1B555-68F6-3CC2-8891-E4D3FE36860F}.RelWithDebInfo|x64.Build.0 = RelWithDebInfo|x64
		{70729490-DB16-35FF-A938-95493C349E0D}.Debug|x64.ActiveCfg = Debug|x64
		{70729490-DB16-35FF-A938-95493C349E0D}.Debug|x64.Build.0 = Debug|x64
		{70729490-DB16-35FF-A938-95493C349E0D}.Release|x64.ActiveCfg = Release|x64
		{70729490-DB16-35FF-A938-95493C349E0D}.Release|x64.Build.0 = Release|x64
		{70729490-DB16-35FF-A938-95493C349E0D}.MinSizeRel|x64.ActiveCfg = MinSizeRel|x64
		{70729490-DB16-35FF-A938-95493C349E0D}.MinSizeRel|x64.Build.0 = MinSizeRel|x64
		{70729490-DB16-35FF-A938-95493C349E0D}.RelWithDebInfo|x64.ActiveCfg = RelWithDebInfo|x64
		{70729490-DB16-35FF-A938-95493C349E0D}.RelWithDebInfo|x64.Build.0 = RelWithDebInfo|x64
		{4B3B3B56-E3EA-36AA-A35C-886C0A0C6A3E}.Debug|x64.ActiveCfg = Debug|x64
		{4B3B3B56-E3EA-36AA-A35C-886C0A0C6A3E}.Debug|x64.Build.0 = Debug|x64
		{4B3B3B56-E3EA-36AA-A35C-886C0A0C6A3E}.Release|x64.ActiveCfg = Release|x64
		{4B3B3B56-E3EA-36AA-A35C-886C0A0C6A3E}.Release|x64.Build.0 = Release|x64
		{4B3B3B56-E3EA-36AA-A35C-886C0A0C6A3E}.MinSizeRel|x64.ActiveCfg = MinSizeRel|x64
		{4B3B3B56-E3EA-36AA-A35C-886C0A0C6A3E}.MinSizeRel|x64.Build.0 = MinSizeRel|x64
		{4B3B3B56-E3EA-36AA-A35C-886C0A0C6A3E}.RelWithDebInfo|x64.ActiveCfg = RelWithDebInfo|x64
		{4B3B3B56-E3EA-36AA-A35C-886C0A0C6A3E}.RelWithDebInfo|x64.Build.0 = RelWithDebInfo|x64
		{2D45E669-D710-3F6F-84EC-C6A96391EA12}.Debug|x64.ActiveCfg = Debug|x64
		{2D45E669-D710-3F6F-84EC-C6A96391EA12}.Debug|x64.Build.0 = Debug|x64
		{2D45E669-D710-3F6F-84EC-C6A96391EA12}.Release|x64.ActiveCfg = Release|x64
		{2D45E669-D710-3F6F-84EC-C6A96391EA12}.Release|x64.Build.0 = Release|x64
		{2D45E669-D710-3F6F-84EC-C6A96391EA12}.MinSizeRel|x64.ActiveCfg = MinSizeRel|x64
		{2D45E669-D710-3F6F-84EC-C6A96391EA12}.MinSizeRel|x64.Build.0 = MinSizeRel|x64
		{2D45E669-D710-3F6F-84EC-C6A96391EA12}.RelWithDebInfo|x64.ActiveCfg = RelWithDebInfo|x64
		{2D45E669-D710-3F6F-84EC-C6A96391EA12}.RelWithDebInfo|x64.Build.0 = RelWithDebInfo|x64
		{7DC5FADC-D31B-38CE-A403-E776E7D9F65A}.Debug|x64.ActiveCfg = Debug|x64
		{7DC5FADC-D31B-38CE-A403-E776E7D9F65A}.Debug|x64.Build.0 = Debug|x64
		{7DC5FADC-D31B-38CE-A403-E776E7D9F65A}.Release|x64.ActiveCfg = Release|x64
		{7DC5FADC-D31B-38CE-A403-E776E7D9F65A}.Release|x64.Build.0 = Release|x64
		{7DC5FADC-D31B-38CE-A403-E776E7D9F65A}.MinSizeRel|x64.ActiveCfg = MinSizeRel|x64
		{7DC5FADC-D31B-38CE-A403-E776E7D9F65A}.MinSizeRel|x64.Build.0 = MinSizeRel|x64
		{7DC5FADC-D31B-38CE-A403-E776E7D9F65A}.RelWithDebInfo|x64.ActiveCfg = RelWithDebInfo|x64
		{7DC5FADC-D31B-38CE-A403-E776E7D9F65A}.RelWithDebInfo|x64.Build.0 = RelWithDebInfo|x64
		{3B1D20BA-AFAC-3B3D-BDA6-69D4165E5CDC}.Debug|x64.ActiveCfg = Debug|x64
		{3B1D20BA-AFAC-3B3D-BDA6-69D4165E5CDC}.Debug|x64.Build.0 = Debug|x64
		{3B1D20BA-AFAC-3B3D-BDA6-69D4165E5CDC}.Release|x64.ActiveCfg = Release|x64
		{3B1D20BA-AFAC-3B3D-BDA6-69D4165E5CDC}.Release|x64.Build.0 = Release|x64
		{3B1D20BA-AFAC-3B3D-BDA6-69D4165E5CDC}.MinSizeRel|x64.ActiveCfg = MinSizeRel|x64
		{3B1D20BA-AFAC-3B3D-BDA6-69D4165E5CDC}.MinSizeRel|x64.Build.0 = MinSizeRel|x64
		{3B1D20BA-AFAC-3B3D-BDA6-69D4165E5CDC}.RelWithDebInfo|x64.ActiveCfg = RelWithDebInfo|x64
		{3B1D20BA-AFAC-3B3D-BDA6-69D4165E5CDC}.RelWithDebInfo|x64.Build.0 = RelWithDebInfo|x64
		{3A6683E1-CEC8-3D13-944F-F2B1079E9C4F}.Debug|x64.ActiveCfg = Debug|x64
		{3A6683E1-CEC8-3D13-944F-F2B1079E9C4F}.Debug|x64.Build.0 = Debug|x64
		{3A6683E1-CEC8-3D13-944F-F2B1079E9C4F}.Release|x64.ActiveCfg = Release|x64
		{3A6683E1-CEC8-3D13-944F-F2B1079E9C4F}.Release|x64.Build.0 = Release|x64
		{3A6683E1-CEC8-3D13-944F-F2B1079E9C4F}.MinSizeRel|x64.ActiveCfg = MinSizeRel|x64
		{3A6683E1-CEC8-3D13-944F-F2B1079E9C4F}.MinSizeRel|x64.Build.0 = MinSizeRel|x64
		{3A6683E1-CEC8-3D13-944F-F2B1079E9C4F}.RelWithDebInfo|x64.ActiveCfg = RelWithDebInfo|x64
		{3A6683E1-CEC8-3D13-944F-F2B1079E9C4F}.RelWithDebInfo|x64.Build.0 = RelWithDebInfo|x64
		{1BFBB825-9F34-390A-AD60-7C2E5D3543CC}.Debug|x64.ActiveCfg = Debug|x64
		{1BFBB825-9F34-390A-AD60-7C2E5D3543CC}.Debug|x64.Build.0 = Debug|x64
		{1BFBB825-9F34-390A-AD60-7C2E5D3543CC}.Release|x64.ActiveCfg = Release|x64
		{1BFBB825-9F34-390A-AD60-7C2E5D3543CC}.Release|x64.Build.0 = Release|x64
		{1BFBB825-9F34-390A-AD60-7C2E5D3543CC}.MinSizeRel|x64.ActiveCfg = MinSizeRel|x64
		{1BFBB825-9F34-390A-AD60-7C2E5D3543CC}.MinSizeRel|x64.Build.0 = MinSizeRel|x64
		{1BFBB825-9F34-390A-AD60-7C2E5D3543CC}.RelWithDebInfo|x64.ActiveCfg = RelWithDebInfo|x64
		{1BFBB825-9F34-390A-AD60-7C2E5D3543CC}.RelWithDebInfo|x64.Build.0 = RelWithDebInfo|x64
		{CD079D6D-7266-3872-8AAA-613A198F5AD9}.Debug|x64.ActiveCfg = Debug|x64
		{CD079D6D-7266-3872-8AAA-613A198F5AD9}.Debug|x64.Build.0 = Debug|x64
		{CD079D6D-7266-3872-8AAA-613A198F5AD9}.Release|x64.ActiveCfg = Release|x64
		{CD079D6D-7266-3872-8AAA-613A198F5AD9}.Release|x64.Build.0 = Release|x64
		{CD079D6D-7266-3872-8AAA-613A198F5AD9}.MinSizeRel|x64.ActiveCfg = MinSizeRel|x64
		{CD079D6D-7266-3872-8AAA-613A198F5AD9}.MinSizeRel|x64.Build.0 = MinSizeRel|x64
		{CD079D6D-7266-3872-8AAA-613A198F5AD9}.RelWithDebInfo|x64.ActiveCfg = RelWithDebInfo|x64
		{CD079D6D-7266-3872-8AAA-613A198F5AD9}.RelWithDebInfo|x64.Build.0 = RelWithDebInfo|x64
		{1CC5F8B4-AB03-3690-BBE8-69A2D6203CE3}.Debug|x64.ActiveCfg = Debug|x64
		{1CC5F8B4-AB03-3690-BBE8-69A2D6203CE3}.Debug|x64.Build.0 = Debug|x64
		{1CC5F8B4-AB03-3690-BBE8-69A2D6203CE3}.Release|x64.ActiveCfg = Release|x64
		{1CC5F8B4-AB03-3690-BBE8-69A2D6203CE3}.Release|x64.Build.0 = Release|x64
		{1CC5F8B4-AB03-3690-BBE8-69A2D6203CE3}.MinSizeRel|x64.ActiveCfg = MinSizeRel|x64
		{1CC5F8B4-AB03-3690-BBE8-69A2D6203CE3}.MinSizeRel|x64.Build.0 = MinSizeRel|x64
		{1CC5F8B4-AB03-3690-BBE8-69A2D6203CE3}.RelWithDebInfo|x64.ActiveCfg = RelWithDebInfo|x64
		{1CC5F8B4-AB03-3690-BBE8-69A2D6203CE3}.RelWithDebInfo|x64.Build.0 = RelWithDebInfo|x64
		{C56E7162-10E0-3832-863F-2B143848E3DC}.Debug|x64.ActiveCfg = Debug|x64
		{C56E7162-10E0-3832-863F-2B143848E3DC}.Debug|x64.Build.0 = Debug|x64
		{C56E7162-10E0-3832-863F-2B143848E3DC}.Release|x64.ActiveCfg = Release|x64
		{C56E7162-10E0-3832-863F-2B143848E3DC}.Release|x64.Build.0 = Release|x64
		{C56E7162-10E0-3832-863F-2B143848E3DC}.MinSizeRel|x64.ActiveCfg = MinSizeRel|x64
		{C56E7162-10E0-3832-863F-2B143848E3DC}.MinSizeRel|x64.Build.0 = MinSizeRel|x64
		{C56E7162-10E0-3832-863F-2B143848E3DC}.RelWithDebInfo|x64.ActiveCfg = RelWithDebInfo|x64
		{C56E7162-10E0-3832-863F-2B143848E3DC}.RelWithDebInfo|x64.Build.0 = RelWithDebInfo|x64
		{7ADA0B64-DD61-3385-9DD1-A3FBEABB8D44}.Debug|x64.ActiveCfg = Debug|x64
		{7ADA0B64-DD61-3385-9DD1-A3FBEABB8D44}.Debug|x64.Build.0 = Debug|x64
		{7ADA0B64-DD61-3385-9DD1-A3FBEABB8D44}.Release|x64.ActiveCfg = Release|x64
		{7ADA0B64-DD61-3385-9DD1-A3FBEABB8D44}.Release|x64.Build.0 = Release|x64
		{7ADA0B64-DD61-3385-9DD1-A3FBEABB8D44}.MinSizeRel|x64.ActiveCfg = MinSizeRel|x64
		{7ADA0B64-DD61-3385-9DD1-A3FBEABB8D44}.MinSizeRel|x64.Build.0 = MinSizeRel|x64
		{7ADA0B64-DD61-3385-9DD1-A3FBEABB8D44}.RelWithDebInfo|x64.ActiveCfg = RelWithDebInfo|x64
		{7ADA0B64-DD61-3385-9DD1-A3FBEABB8D44}.RelWithDebInfo|x64.Build.0 = RelWithDebInfo|x64
		{38B9B0B2-8C24-38EB-8C99-58649C30DC69}.Debug|x64.ActiveCfg = Debug|x64
		{38B9B0B2-8C24-38EB-8C99-58649C30DC69}.Debug|x64.Build.0 = Debug|x64
		{38B9B0B2-8C24-38EB-8C99-58649C30DC69}.Release|x64.ActiveCfg = Release|x64
		{38B9B0B2-8C24-38EB-8C99-58649C30DC69}.Release|x64.Build.0 = Release|x64
		{38B9B0B2-8C24-38EB-8C99-58649C30DC69}.MinSizeRel|x64.ActiveCfg = MinSizeRel|x64
		{38B9B0B2-8C24-38EB-8C99-58649C30DC69}.MinSizeRel|x64.Build.0 = MinSizeRel|x64
		{38B9B0B2-8C24-38EB-8C99-58649C30DC69}.RelWithDebInfo|x64.ActiveCfg = RelWithDebInfo|x64
		{38B9B0B2-8C24-38EB-8C99-58649C30DC69}.RelWithDebInfo|x64.Build.0 = RelWithDebInfo|x64
		{754471D6-B5E2-32CD-894E-AE616A27E3F1}.Debug|x64.ActiveCfg = Debug|x64
		{754471D6-B5E2-32CD-894E-AE616A27E3F1}.Debug|x64.Build.0 = Debug|x64
		{754471D6-B5E2-32CD-894E-AE616A27E3F1}.Release|x64.ActiveCfg = Release|x64
		{754471D6-B5E2-32CD-894E-AE616A27E3F1}.Release|x64.Build.0 = Release|x64
		{754471D6-B5E2-32CD-894E-AE616A27E3F1}.MinSizeRel|x64.ActiveCfg = MinSizeRel|x64
		{754471D6-B5E2-32CD-894E-AE616A27E3F1}.MinSizeRel|x64.Build.0 = MinSizeRel|x64
		{754471D6-B5E2-32CD-894E-AE616A27E3F1}.RelWithDebInfo|x64.ActiveCfg = RelWithDebInfo|x64
		{754471D6-B5E2-32CD-894E-AE616A27E3F1}.RelWithDebInfo|x64.Build.0 = RelWithDebInfo|x64
		{96F208F7-E640-3CF0-941D-416DFE5F5E51}.Debug|x64.ActiveCfg = Debug|x64
		{96F208F7-E640-3CF0-941D-416DFE5F5E51}.Debug|x64.Build.0 = Debug|x64
		{96F208F7-E640-3CF0-941D-416DFE5F5E51}.Release|x64.ActiveCfg = Release|x64
		{96F208F7-E640-3CF0-941D-416DFE5F5E51}.Release|x64.Build.0 = Release|x64
		{96F208F7-E640-3CF0-941D-416DFE5F5E51}.MinSizeRel|x64.ActiveCfg = MinSizeRel|x64
		{96F208F7-E640-3CF0-941D-416DFE5F5E51}.MinSizeRel|x64.Build.0 = MinSizeRel|x64
		{96F208F7-E640-3CF0-941D-416DFE5F5E51}.RelWithDebInfo|x64.ActiveCfg = RelWithDebInfo|x64
		{96F208F7-E640-3CF0-941D-416DFE5F5E51}.RelWithDebInfo|x64.Build.0 = RelWithDebInfo|x64
		{204AB10B-C2EE-377D-998D-923FE95AF0AC}.Debug|x64.ActiveCfg = Debug|x64
		{204AB10B-C2EE-377D-998D-923FE95AF0AC}.Debug|x64.Build.0 = Debug|x64
		{204AB10B-C2EE-377D-998D-923FE95AF0AC}.Release|x64.ActiveCfg = Release|x64
		{204AB10B-C2EE-377D-998D-923FE95AF0AC}.Release|x64.Build.0 = Release|x64
		{204AB10B-C2EE-377D-998D-923FE95AF0AC}.MinSizeRel|x64.ActiveCfg = MinSizeRel|x64
		{204AB10B-C2EE-377D-998D-923FE95AF0AC}.MinSizeRel|x64.Build.0 = MinSizeRel|x64
		{204AB10B-C2EE-377D-998D-923FE95AF0AC}.RelWithDebInfo|x64.ActiveCfg = RelWithDebInfo|x64
		{204AB10B-C2EE-377D-998D-923FE95AF0AC}.RelWithDebInfo|x64.Build.0 = RelWithDebInfo|x64
		{24A4EAE2-98BE-3ADE-AF0D-5F6CE408B8F3}.Debug|x64.ActiveCfg = Debug|x64
		{24A4EAE2-98BE-3ADE-AF0D-5F6CE408B8F3}.Debug|x64.Build.0 = Debug|x64
		{24A4EAE2-98BE-3ADE-AF0D-5F6CE408B8F3}.Release|x64.ActiveCfg = Release|x64
		{24A4EAE2-98BE-3ADE-AF0D-5F6CE408B8F3}.Release|x64.Build.0 = Release|x64
		{24A4EAE2-98BE-3ADE-AF0D-5F6CE408B8F3}.MinSizeRel|x64.ActiveCfg = MinSizeRel|x64
		{24A4EAE2-98BE-3ADE-AF0D-5F6CE408B8F3}.MinSizeRel|x64.Build.0 = MinSizeRel|x64
		{24A4EAE2-98BE-3ADE-AF0D-5F6CE408B8F3}.RelWithDebInfo|x64.ActiveCfg = RelWithDebInfo|x64
		{24A4EAE2-98BE-3ADE-AF0D-5F6CE408B8F3}.RelWithDebInfo|x64.Build.0 = RelWithDebInfo|x64
		{F91C5EE7-0BAC-3FAD-AD81-099AB1A3D992}.Debug|x64.ActiveCfg = Debug|x64
		{F91C5EE7-0BAC-3FAD-AD81-099AB1A3D992}.Debug|x64.Build.0 = Debug|x64
		{F91C5EE7-0BAC-3FAD-AD81-099AB1A3D992}.Release|x64.ActiveCfg = Release|x64
		{F91C5EE7-0BAC-3FAD-AD81-099AB1A3D992}.Release|x64.Build.0 = Release|x64
		{F91C5EE7-0BAC-3FAD-AD81-099AB1A3D992}.MinSizeRel|x64.ActiveCfg = MinSizeRel|x64
		{F91C5EE7-0BAC-3FAD-AD81-099AB1A3D992}.MinSizeRel|x64.Build.0 = MinSizeRel|x64
		{F91C5EE7-0BAC-3FAD-AD81-099AB1A3D992}.RelWithDebInfo|x64.ActiveCfg = RelWithDebInfo|x64
		{F91C5EE7-0BAC-3FAD-AD81-099AB1A3D992}.RelWithDebInfo|x64.Build.0 = RelWithDebInfo|x64
		{C9EE3715-AE28-30C7-A1D2-E2E37C7DA9F0}.Debug|x64.ActiveCfg = Debug|x64
		{C9EE3715-AE28-30C7-A1D2-E2E37C7DA9F0}.Debug|x64.Build.0 = Debug|x64
		{C9EE3715-AE28-30C7-A1D2-E2E37C7DA9F0}.Release|x64.ActiveCfg = Release|x64
		{C9EE3715-AE28-30C7-A1D2-E2E37C7DA9F0}.Release|x64.Build.0 = Release|x64
		{C9EE3715-AE28-30C7-A1D2-E2E37C7DA9F0}.MinSizeRel|x64.ActiveCfg = MinSizeRel|x64
		{C9EE3715-AE28-30C7-A1D2-E2E37C7DA9F0}.MinSizeRel|x64.Build.0 = MinSizeRel|x64
		{C9EE3715-AE28-30C7-A1D2-E2E37C7DA9F0}.RelWithDebInfo|x64.ActiveCfg = RelWithDebInfo|x64
		{C9EE3715-AE28-30C7-A1D2-E2E37C7DA9F0}.RelWithDebInfo|x64.Build.0 = RelWithDebInfo|x64
		{5C30E17A-3C03-365B-8871-8A4075679CB9}.Debug|x64.ActiveCfg = Debug|x64
		{5C30E17A-3C03-365B-8871-8A4075679CB9}.Debug|x64.Build.0 = Debug|x64
		{5C30E17A-3C03-365B-8871-8A4075679CB9}.Release|x64.ActiveCfg = Release|x64
		{5C30E17A-3C03-365B-8871-8A4075679CB9}.Release|x64.Build.0 = Release|x64
		{5C30E17A-3C03-365B-8871-8A4075679CB9}.MinSizeRel|x64.ActiveCfg = MinSizeRel|x64
		{5C30E17A-3C03-365B-8871-8A4075679CB9}.MinSizeRel|x64.Build.0 = MinSizeRel|x64
		{5C30E17A-3C03-365B-8871-8A4075679CB9}.RelWithDebInfo|x64.ActiveCfg = RelWithDebInfo|x64
		{5C30E17A-3C03-365B-8871-8A4075679CB9}.RelWithDebInfo|x64.Build.0 = RelWithDebInfo|x64
		{095FDAC3-18D2-33D1-A5B9-104B43E140FC}.Debug|x64.ActiveCfg = Debug|x64
		{095FDAC3-18D2-33D1-A5B9-104B43E140FC}.Debug|x64.Build.0 = Debug|x64
		{095FDAC3-18D2-33D1-A5B9-104B43E140FC}.Release|x64.ActiveCfg = Release|x64
		{095FDAC3-18D2-33D1-A5B9-104B43E140FC}.Release|x64.Build.0 = Release|x64
		{095FDAC3-18D2-33D1-A5B9-104B43E140FC}.MinSizeRel|x64.ActiveCfg = MinSizeRel|x64
		{095FDAC3-18D2-33D1-A5B9-104B43E140FC}.MinSizeRel|x64.Build.0 = MinSizeRel|x64
		{095FDAC3-18D2-33D1-A5B9-104B43E140FC}.RelWithDebInfo|x64.ActiveCfg = RelWithDebInfo|x64
		{095FDAC3-18D2-33D1-A5B9-104B43E140FC}.RelWithDebInfo|x64.Build.0 = RelWithDebInfo|x64
		{94A174C5-6A96-31F3-B033-021E87E4472C}.Debug|x64.ActiveCfg = Debug|x64
		{94A174C5-6A96-31F3-B033-021E87E4472C}.Debug|x64.Build.0 = Debug|x64
		{94A174C5-6A96-31F3-B033-021E87E4472C}.Release|x64.ActiveCfg = Release|x64
		{94A174C5-6A96-31F3-B033-021E87E4472C}.Release|x64.Build.0 = Release|x64
		{94A174C5-6A96-31F3-B033-021E87E4472C}.MinSizeRel|x64.ActiveCfg = MinSizeRel|x64
		{94A174C5-6A96-31F3-B033-021E87E4472C}.MinSizeRel|x64.Build.0 = MinSizeRel|x64
		{94A174C5-6A96-31F3-B033-021E87E4472C}.RelWithDebInfo|x64.ActiveCfg = RelWithDebInfo|x64
		{94A174C5-6A96-31F3-B033-021E87E4472C}.RelWithDebInfo|x64.Build.0 = RelWithDebInfo|x64
		{A13F16F6-61D2-3039-8927-07A1BE110C09}.Debug|x64.ActiveCfg = Debug|x64
		{A13F16F6-61D2-3039-8927-07A1BE110C09}.Debug|x64.Build.0 = Debug|x64
		{A13F16F6-61D2-3039-8927-07A1BE110C09}.Release|x64.ActiveCfg = Release|x64
		{A13F16F6-61D2-3039-8927-07A1BE110C09}.Release|x64.Build.0 = Release|x64
		{A13F16F6-61D2-3039-8927-07A1BE110C09}.MinSizeRel|x64.ActiveCfg = MinSizeRel|x64
		{A13F16F6-61D2-3039-8927-07A1BE110C09}.MinSizeRel|x64.Build.0 = MinSizeRel|x64
		{A13F16F6-61D2-3039-8927-07A1BE110C09}.RelWithDebInfo|x64.ActiveCfg = RelWithDebInfo|x64
		{A13F16F6-61D2-3039-8927-07A1BE110C09}.RelWithDebInfo|x64.Build.0 = RelWithDebInfo|x64
		{708410AC-E5F6-3BC5-86AC-4790F0A6C440}.Debug|x64.ActiveCfg = Debug|x64
		{708410AC-E5F6-3BC5-86AC-4790F0A6C440}.Debug|x64.Build.0 = Debug|x64
		{708410AC-E5F6-3BC5-86AC-4790F0A6C440}.Release|x64.ActiveCfg = Release|x64
		{708410AC-E5F6-3BC5-86AC-4790F0A6C440}.Release|x64.Build.0 = Release|x64
		{708410AC-E5F6-3BC5-86AC-4790F0A6C440}.MinSizeRel|x64.ActiveCfg = MinSizeRel|x64
		{708410AC-E5F6-3BC5-86AC-4790F0A6C440}.MinSizeRel|x64.Build.0 = MinSizeRel|x64
		{708410AC-E5F6-3BC5-86AC-4790F0A6C440}.RelWithDebInfo|x64.ActiveCfg = RelWithDebInfo|x64
		{708410AC-E5F6-3BC5-86AC-4790F0A6C440}.RelWithDebInfo|x64.Build.0 = RelWithDebInfo|x64
		{7DB6C460-0678-3D3E-AC57-6B090906159A}.Debug|x64.ActiveCfg = Debug|x64
		{7DB6C460-0678-3D3E-AC57-6B090906159A}.Release|x64.ActiveCfg = Release|x64
		{7DB6C460-0678-3D3E-AC57-6B090906159A}.MinSizeRel|x64.ActiveCfg = MinSizeRel|x64
		{7DB6C460-0678-3D3E-AC57-6B090906159A}.RelWithDebInfo|x64.ActiveCfg = RelWithDebInfo|x64
		{EC1E2A32-66EB-3597-896C-EE234FD2A44B}.Debug|x64.ActiveCfg = Debug|x64
		{EC1E2A32-66EB-3597-896C-EE234FD2A44B}.Debug|x64.Build.0 = Debug|x64
		{EC1E2A32-66EB-3597-896C-EE234FD2A44B}.Release|x64.ActiveCfg = Release|x64
		{EC1E2A32-66EB-3597-896C-EE234FD2A44B}.Release|x64.Build.0 = Release|x64
		{EC1E2A32-66EB-3597-896C-EE234FD2A44B}.MinSizeRel|x64.ActiveCfg = MinSizeRel|x64
		{EC1E2A32-66EB-3597-896C-EE234FD2A44B}.MinSizeRel|x64.Build.0 = MinSizeRel|x64
		{EC1E2A32-66EB-3597-896C-EE234FD2A44B}.RelWithDebInfo|x64.ActiveCfg = RelWithDebInfo|x64
		{EC1E2A32-66EB-3597-896C-EE234FD2A44B}.RelWithDebInfo|x64.Build.0 = RelWithDebInfo|x64
		{2E9D83E2-03F4-3391-8A2F-A7DDD58D1553}.Debug|x64.ActiveCfg = Debug|x64
		{2E9D83E2-03F4-3391-8A2F-A7DDD58D1553}.Debug|x64.Build.0 = Debug|x64
		{2E9D83E2-03F4-3391-8A2F-A7DDD58D1553}.Release|x64.ActiveCfg = Release|x64
		{2E9D83E2-03F4-3391-8A2F-A7DDD58D1553}.Release|x64.Build.0 = Release|x64
		{2E9D83E2-03F4-3391-8A2F-A7DDD58D1553}.MinSizeRel|x64.ActiveCfg = MinSizeRel|x64
		{2E9D83E2-03F4-3391-8A2F-A7DDD58D1553}.MinSizeRel|x64.Build.0 = MinSizeRel|x64
		{2E9D83E2-03F4-3391-8A2F-A7DDD58D1553}.RelWithDebInfo|x64.ActiveCfg = RelWithDebInfo|x64
		{2E9D83E2-03F4-3391-8A2F-A7DDD58D1553}.RelWithDebInfo|x64.Build.0 = RelWithDebInfo|x64
	EndGlobalSection
	GlobalSection(NestedProjects) = preSolution
		{C6E99F02-3127-3902-940A-ACF9D59C0D1F} = {CE6EB56B-4C26-38D6-9829-CD277F2F2DBC}
		{808F32FB-5D95-35E4-8FAC-734398293930} = {CE6EB56B-4C26-38D6-9829-CD277F2F2DBC}
		{B135A1BC-1E2D-3E51-B43D-15943194FD54} = {CE6EB56B-4C26-38D6-9829-CD277F2F2DBC}
		{BD92EEAB-C9FB-3EE5-B530-076C5943C31A} = {1180828F-E7F2-35F7-8B77-DC074F27034D}
		{211FE132-556E-33EB-A70B-EA5BE4FC0658} = {1180828F-E7F2-35F7-8B77-DC074F27034D}
		{2D45E669-D710-3F6F-84EC-C6A96391EA12} = {1180828F-E7F2-35F7-8B77-DC074F27034D}
		{7DB6C460-0678-3D3E-AC57-6B090906159A} = {1180828F-E7F2-35F7-8B77-DC074F27034D}
		{9FD4E144-B50B-3C7F-9046-395D1D80BA52} = {BD92EEAB-C9FB-3EE5-B530-076C5943C31A}
		{4B3B3B56-E3EA-36AA-A35C-886C0A0C6A3E} = {BD92EEAB-C9FB-3EE5-B530-076C5943C31A}
		{3B1D20BA-AFAC-3B3D-BDA6-69D4165E5CDC} = {BD92EEAB-C9FB-3EE5-B530-076C5943C31A}
		{38B9B0B2-8C24-38EB-8C99-58649C30DC69} = {BD92EEAB-C9FB-3EE5-B530-076C5943C31A}
		{96F208F7-E640-3CF0-941D-416DFE5F5E51} = {BD92EEAB-C9FB-3EE5-B530-076C5943C31A}
		{24A4EAE2-98BE-3ADE-AF0D-5F6CE408B8F3} = {BD92EEAB-C9FB-3EE5-B530-076C5943C31A}
		{F91C5EE7-0BAC-3FAD-AD81-099AB1A3D992} = {BD92EEAB-C9FB-3EE5-B530-076C5943C31A}
		{C9EE3715-AE28-30C7-A1D2-E2E37C7DA9F0} = {BD92EEAB-C9FB-3EE5-B530-076C5943C31A}
		{EC1E2A32-66EB-3597-896C-EE234FD2A44B} = {BD92EEAB-C9FB-3EE5-B530-076C5943C31A}
		{598D52B8-8071-3BB4-9790-1CB54D2EFE75} = {211FE132-556E-33EB-A70B-EA5BE4FC0658}
		{DF664969-B452-399B-A521-F6053166BAD3} = {211FE132-556E-33EB-A70B-EA5BE4FC0658}
		{C621F7EB-B452-3BC5-B99F-EF9D9A15E6A2} = {211FE132-556E-33EB-A70B-EA5BE4FC0658}
		{C5F1B555-68F6-3CC2-8891-E4D3FE36860F} = {211FE132-556E-33EB-A70B-EA5BE4FC0658}
		{70729490-DB16-35FF-A938-95493C349E0D} = {211FE132-556E-33EB-A70B-EA5BE4FC0658}
		{7DC5FADC-D31B-38CE-A403-E776E7D9F65A} = {211FE132-556E-33EB-A70B-EA5BE4FC0658}
		{3A6683E1-CEC8-3D13-944F-F2B1079E9C4F} = {211FE132-556E-33EB-A70B-EA5BE4FC0658}
		{1BFBB825-9F34-390A-AD60-7C2E5D3543CC} = {211FE132-556E-33EB-A70B-EA5BE4FC0658}
		{CD079D6D-7266-3872-8AAA-613A198F5AD9} = {211FE132-556E-33EB-A70B-EA5BE4FC0658}
		{1CC5F8B4-AB03-3690-BBE8-69A2D6203CE3} = {211FE132-556E-33EB-A70B-EA5BE4FC0658}
		{C56E7162-10E0-3832-863F-2B143848E3DC} = {211FE132-556E-33EB-A70B-EA5BE4FC0658}
		{7ADA0B64-DD61-3385-9DD1-A3FBEABB8D44} = {211FE132-556E-33EB-A70B-EA5BE4FC0658}
		{754471D6-B5E2-32CD-894E-AE616A27E3F1} = {211FE132-556E-33EB-A70B-EA5BE4FC0658}
		{204AB10B-C2EE-377D-998D-923FE95AF0AC} = {211FE132-556E-33EB-A70B-EA5BE4FC0658}
		{5C30E17A-3C03-365B-8871-8A4075679CB9} = {211FE132-556E-33EB-A70B-EA5BE4FC0658}
		{095FDAC3-18D2-33D1-A5B9-104B43E140FC} = {211FE132-556E-33EB-A70B-EA5BE4FC0658}
		{94A174C5-6A96-31F3-B033-021E87E4472C} = {211FE132-556E-33EB-A70B-EA5BE4FC0658}
		{A13F16F6-61D2-3039-8927-07A1BE110C09} = {211FE132-556E-33EB-A70B-EA5BE4FC0658}
		{708410AC-E5F6-3BC5-86AC-4790F0A6C440} = {211FE132-556E-33EB-A70B-EA5BE4FC0658}
		{2E9D83E2-03F4-3391-8A2F-A7DDD58D1553} = {211FE132-556E-33EB-A70B-EA5BE4FC0658}
	EndGlobalSection
	GlobalSection(ExtensibilityGlobals) = postSolution
		SolutionGuid = {92CC5225-9F3A-39D0-B2FF-A70AA6DDA536}
	EndGlobalSection
	GlobalSection(ExtensibilityAddIns) = postSolution
	EndGlobalSection
EndGlobal
