<?xml version="1.0" encoding="utf-8"?>
<Project ToolsVersion="16.0" xmlns="http://schemas.microsoft.com/developer/msbuild/2003">
  <ItemGroup>
    <CustomBuild Include="C:\Users\gtom_\source\repos\openGLProjects\GL\buildGLFW\CMakeFiles\79734d67a506e813237b2929f6bfc570\uninstall.rule">
      <Filter>CMake Rules</Filter>
    </CustomBuild>
    <CustomBuild Include="C:\Users\gtom_\source\repos\openGLProjects\GL\glfw-3.3.2\CMakeLists.txt" />
  </ItemGroup>
  <ItemGroup>
    <None Include="C:\Users\gtom_\source\repos\openGLProjects\GL\buildGLFW\CMakeFiles\uninstall" />
  </ItemGroup>
  <ItemGroup>
    <Filter Include="CMake Rules">
      <UniqueIdentifier>{AACE2EB6-4C3D-3672-B011-4835E1420E3E}</UniqueIdentifier>
    </Filter>
  </ItemGroup>
</Project>
