<?xml version="1.0" encoding="utf-8"?>
<Project ToolsVersion="16.0" xmlns="http://schemas.microsoft.com/developer/msbuild/2003">
  <ItemGroup>
    <CustomBuild Include="C:\Users\gtom_\source\repos\openGLProjects\GL\buildGLFW\CMakeFiles\844d47dbc980c9ff90bfba64f269bc18\INSTALL_force.rule">
      <Filter>CMake Rules</Filter>
    </CustomBuild>
  </ItemGroup>
  <ItemGroup>
    <Filter Include="CMake Rules">
      <UniqueIdentifier>{AACE2EB6-4C3D-3672-B011-4835E1420E3E}</UniqueIdentifier>
    </Filter>
  </ItemGroup>
</Project>
